// !$*UTF8*$!
{
	archiveVersion = 1;
	classes = {
	};
	objectVersion = 56;
	objects = {

/* Begin PBXBuildFile section */
		5807984F2ABB7A1A00CD1500 /* LoginScreenView.swift in Sources */ = {isa = PBXBuildFile; fileRef = 5807984E2ABB7A1A00CD1500 /* LoginScreenView.swift */; };
		580798532ABB820A00CD1500 /* TextField1View.swift in Sources */ = {isa = PBXBuildFile; fileRef = 580798522ABB820A00CD1500 /* TextField1View.swift */; };
		5842FD1C2ABB73E6009D719C /* Mercado_DeliveryApp.swift in Sources */ = {isa = PBXBuildFile; fileRef = 5842FD1B2ABB73E6009D719C /* Mercado_DeliveryApp.swift */; };
		5842FD1E2ABB73E6009D719C /* ContentView.swift in Sources */ = {isa = PBXBuildFile; fileRef = 5842FD1D2ABB73E6009D719C /* ContentView.swift */; };
		5842FD202ABB73E9009D719C /* Assets.xcassets in Resources */ = {isa = PBXBuildFile; fileRef = 5842FD1F2ABB73E9009D719C /* Assets.xcassets */; };
		5842FD232ABB73E9009D719C /* Preview Assets.xcassets in Resources */ = {isa = PBXBuildFile; fileRef = 5842FD222ABB73E9009D719C /* Preview Assets.xcassets */; };
		5842FD2D2ABB73EA009D719C /* Mercado_DeliveryTests.swift in Sources */ = {isa = PBXBuildFile; fileRef = 5842FD2C2ABB73EA009D719C /* Mercado_DeliveryTests.swift */; };
		5842FD372ABB73EA009D719C /* Mercado_DeliveryUITests.swift in Sources */ = {isa = PBXBuildFile; fileRef = 5842FD362ABB73EA009D719C /* Mercado_DeliveryUITests.swift */; };
		5842FD392ABB73EA009D719C /* Mercado_DeliveryUITestsLaunchTests.swift in Sources */ = {isa = PBXBuildFile; fileRef = 5842FD382ABB73EA009D719C /* Mercado_DeliveryUITestsLaunchTests.swift */; };
		5842FD472ABB74A8009D719C /* SplashScreenView.swift in Sources */ = {isa = PBXBuildFile; fileRef = 5842FD462ABB74A8009D719C /* SplashScreenView.swift */; };
		DF03420E2AC72F29004640A6 /* ForgotPasswordView.swift in Sources */ = {isa = PBXBuildFile; fileRef = DF03420D2AC72F29004640A6 /* ForgotPasswordView.swift */; };
		DF67D0B02ABE11CF008033C0 /* Supabase in Frameworks */ = {isa = PBXBuildFile; productRef = DF67D0AF2ABE11CF008033C0 /* Supabase */; };
		DF85A2C92ABF5FED00065860 /* API_Supabase.swift in Sources */ = {isa = PBXBuildFile; fileRef = DF85A2C82ABF5FED00065860 /* API_Supabase.swift */; };
		DF85A2CF2ABF9D6700065860 /* LoginManager.swift in Sources */ = {isa = PBXBuildFile; fileRef = DF85A2CE2ABF9D6700065860 /* LoginManager.swift */; };
		DFAEC2C22ABDE4D800D5C143 /* DoubleRectangleView.swift in Sources */ = {isa = PBXBuildFile; fileRef = DFAEC2C12ABDE4D800D5C143 /* DoubleRectangleView.swift */; };
		DFAEC2C42ABDE74800D5C143 /* LoginWithView.swift in Sources */ = {isa = PBXBuildFile; fileRef = DFAEC2C32ABDE74800D5C143 /* LoginWithView.swift */; };
		DFB06DB82AC86D9100C28241 /* HomeView.swift in Sources */ = {isa = PBXBuildFile; fileRef = DFB06DB72AC86D9100C28241 /* HomeView.swift */; };
		DFC65ADA2AC88772007ADFB1 /* Roboto-Bold.ttf in Resources */ = {isa = PBXBuildFile; fileRef = DFC65AD92AC88772007ADFB1 /* Roboto-Bold.ttf */; };
		DFC65ADD2AC894AB007ADFB1 /* HeaderView.swift in Sources */ = {isa = PBXBuildFile; fileRef = DFC65ADC2AC894AB007ADFB1 /* HeaderView.swift */; };
		DFC65AE02AC8968B007ADFB1 /* ACarousel in Frameworks */ = {isa = PBXBuildFile; productRef = DFC65ADF2AC8968B007ADFB1 /* ACarousel */; };
		DFC65AE22AC896A8007ADFB1 /* CarouselView.swift in Sources */ = {isa = PBXBuildFile; fileRef = DFC65AE12AC896A8007ADFB1 /* CarouselView.swift */; };
		DFC65AE42AC8A24D007ADFB1 /* CategoryButtonView.swift in Sources */ = {isa = PBXBuildFile; fileRef = DFC65AE32AC8A24D007ADFB1 /* CategoryButtonView.swift */; };
		DFC65AE62AC8B36D007ADFB1 /* TabView1.swift in Sources */ = {isa = PBXBuildFile; fileRef = DFC65AE52AC8B36D007ADFB1 /* TabView1.swift */; };
		DFC65AE82AC8B4CC007ADFB1 /* SearchView.swift in Sources */ = {isa = PBXBuildFile; fileRef = DFC65AE72AC8B4CC007ADFB1 /* SearchView.swift */; };
		DFEFECE82AC4843B00F4CFEE /* SignUpView.swift in Sources */ = {isa = PBXBuildFile; fileRef = DFEFECE72AC4843B00F4CFEE /* SignUpView.swift */; };
/* End PBXBuildFile section */

/* Begin PBXContainerItemProxy section */
		5842FD292ABB73EA009D719C /* PBXContainerItemProxy */ = {
			isa = PBXContainerItemProxy;
			containerPortal = 5842FD102ABB73E6009D719C /* Project object */;
			proxyType = 1;
			remoteGlobalIDString = 5842FD172ABB73E6009D719C;
			remoteInfo = "Mercado Delivery";
		};
		5842FD332ABB73EA009D719C /* PBXContainerItemProxy */ = {
			isa = PBXContainerItemProxy;
			containerPortal = 5842FD102ABB73E6009D719C /* Project object */;
			proxyType = 1;
			remoteGlobalIDString = 5842FD172ABB73E6009D719C;
			remoteInfo = "Mercado Delivery";
		};
/* End PBXContainerItemProxy section */

/* Begin PBXFileReference section */
		5807984E2ABB7A1A00CD1500 /* LoginScreenView.swift */ = {isa = PBXFileReference; lastKnownFileType = sourcecode.swift; path = LoginScreenView.swift; sourceTree = "<group>"; };
		580798522ABB820A00CD1500 /* TextField1View.swift */ = {isa = PBXFileReference; lastKnownFileType = sourcecode.swift; path = TextField1View.swift; sourceTree = "<group>"; };
		5842FD182ABB73E6009D719C /* Mercado Delivery.app */ = {isa = PBXFileReference; explicitFileType = wrapper.application; includeInIndex = 0; path = "Mercado Delivery.app"; sourceTree = BUILT_PRODUCTS_DIR; };
		5842FD1B2ABB73E6009D719C /* Mercado_DeliveryApp.swift */ = {isa = PBXFileReference; lastKnownFileType = sourcecode.swift; path = Mercado_DeliveryApp.swift; sourceTree = "<group>"; };
		5842FD1D2ABB73E6009D719C /* ContentView.swift */ = {isa = PBXFileReference; lastKnownFileType = sourcecode.swift; path = ContentView.swift; sourceTree = "<group>"; };
		5842FD1F2ABB73E9009D719C /* Assets.xcassets */ = {isa = PBXFileReference; lastKnownFileType = folder.assetcatalog; path = Assets.xcassets; sourceTree = "<group>"; };
		5842FD222ABB73E9009D719C /* Preview Assets.xcassets */ = {isa = PBXFileReference; lastKnownFileType = folder.assetcatalog; path = "Preview Assets.xcassets"; sourceTree = "<group>"; };
		5842FD282ABB73EA009D719C /* Mercado DeliveryTests.xctest */ = {isa = PBXFileReference; explicitFileType = wrapper.cfbundle; includeInIndex = 0; path = "Mercado DeliveryTests.xctest"; sourceTree = BUILT_PRODUCTS_DIR; };
		5842FD2C2ABB73EA009D719C /* Mercado_DeliveryTests.swift */ = {isa = PBXFileReference; lastKnownFileType = sourcecode.swift; path = Mercado_DeliveryTests.swift; sourceTree = "<group>"; };
		5842FD322ABB73EA009D719C /* Mercado DeliveryUITests.xctest */ = {isa = PBXFileReference; explicitFileType = wrapper.cfbundle; includeInIndex = 0; path = "Mercado DeliveryUITests.xctest"; sourceTree = BUILT_PRODUCTS_DIR; };
		5842FD362ABB73EA009D719C /* Mercado_DeliveryUITests.swift */ = {isa = PBXFileReference; lastKnownFileType = sourcecode.swift; path = Mercado_DeliveryUITests.swift; sourceTree = "<group>"; };
		5842FD382ABB73EA009D719C /* Mercado_DeliveryUITestsLaunchTests.swift */ = {isa = PBXFileReference; lastKnownFileType = sourcecode.swift; path = Mercado_DeliveryUITestsLaunchTests.swift; sourceTree = "<group>"; };
		5842FD462ABB74A8009D719C /* SplashScreenView.swift */ = {isa = PBXFileReference; lastKnownFileType = sourcecode.swift; path = SplashScreenView.swift; sourceTree = "<group>"; };
		DF03420D2AC72F29004640A6 /* ForgotPasswordView.swift */ = {isa = PBXFileReference; lastKnownFileType = sourcecode.swift; path = ForgotPasswordView.swift; sourceTree = "<group>"; };
		DF85A2C82ABF5FED00065860 /* API_Supabase.swift */ = {isa = PBXFileReference; lastKnownFileType = sourcecode.swift; path = API_Supabase.swift; sourceTree = "<group>"; };
		DF85A2CE2ABF9D6700065860 /* LoginManager.swift */ = {isa = PBXFileReference; lastKnownFileType = sourcecode.swift; path = LoginManager.swift; sourceTree = "<group>"; };
		DFAEC2C12ABDE4D800D5C143 /* DoubleRectangleView.swift */ = {isa = PBXFileReference; lastKnownFileType = sourcecode.swift; path = DoubleRectangleView.swift; sourceTree = "<group>"; };
		DFAEC2C32ABDE74800D5C143 /* LoginWithView.swift */ = {isa = PBXFileReference; lastKnownFileType = sourcecode.swift; path = LoginWithView.swift; sourceTree = "<group>"; };
		DFB06DB72AC86D9100C28241 /* HomeView.swift */ = {isa = PBXFileReference; lastKnownFileType = sourcecode.swift; path = HomeView.swift; sourceTree = "<group>"; };
		DFC65AD72AC88691007ADFB1 /* Mercado-Delivery-Info.plist */ = {isa = PBXFileReference; lastKnownFileType = text.plist; path = "Mercado-Delivery-Info.plist"; sourceTree = SOURCE_ROOT; };
		DFC65AD92AC88772007ADFB1 /* Roboto-Bold.ttf */ = {isa = PBXFileReference; lastKnownFileType = file; name = "Roboto-Bold.ttf"; path = "../../../../../../../../../../../var/folders/4j/hkbk4bzd7sjbsvwph40_vt940000gp/T/MicrosoftEdgeDownloads/df434e6f-52bd-4c6d-b85b-e3846ef136a1/Roboto/Roboto-Bold.ttf"; sourceTree = "<group>"; };
		DFC65ADC2AC894AB007ADFB1 /* HeaderView.swift */ = {isa = PBXFileReference; lastKnownFileType = sourcecode.swift; path = HeaderView.swift; sourceTree = "<group>"; };
		DFC65AE12AC896A8007ADFB1 /* CarouselView.swift */ = {isa = PBXFileReference; lastKnownFileType = sourcecode.swift; path = CarouselView.swift; sourceTree = "<group>"; };
		DFC65AE32AC8A24D007ADFB1 /* CategoryButtonView.swift */ = {isa = PBXFileReference; lastKnownFileType = sourcecode.swift; path = CategoryButtonView.swift; sourceTree = "<group>"; };
		DFC65AE52AC8B36D007ADFB1 /* TabView1.swift */ = {isa = PBXFileReference; lastKnownFileType = sourcecode.swift; path = TabView1.swift; sourceTree = "<group>"; };
		DFC65AE72AC8B4CC007ADFB1 /* SearchView.swift */ = {isa = PBXFileReference; lastKnownFileType = sourcecode.swift; path = SearchView.swift; sourceTree = "<group>"; };
		DFEFECE72AC4843B00F4CFEE /* SignUpView.swift */ = {isa = PBXFileReference; lastKnownFileType = sourcecode.swift; path = SignUpView.swift; sourceTree = "<group>"; };
/* End PBXFileReference section */

/* Begin PBXFrameworksBuildPhase section */
		5842FD152ABB73E6009D719C /* Frameworks */ = {
			isa = PBXFrameworksBuildPhase;
			buildActionMask = 2147483647;
			files = (
				DFC65AE02AC8968B007ADFB1 /* ACarousel in Frameworks */,
				DF67D0B02ABE11CF008033C0 /* Supabase in Frameworks */,
			);
			runOnlyForDeploymentPostprocessing = 0;
		};
		5842FD252ABB73EA009D719C /* Frameworks */ = {
			isa = PBXFrameworksBuildPhase;
			buildActionMask = 2147483647;
			files = (
			);
			runOnlyForDeploymentPostprocessing = 0;
		};
		5842FD2F2ABB73EA009D719C /* Frameworks */ = {
			isa = PBXFrameworksBuildPhase;
			buildActionMask = 2147483647;
			files = (
			);
			runOnlyForDeploymentPostprocessing = 0;
		};
/* End PBXFrameworksBuildPhase section */

/* Begin PBXGroup section */
		5842FD0F2ABB73E6009D719C = {
			isa = PBXGroup;
			children = (
				5842FD1A2ABB73E6009D719C /* Mercado Delivery */,
				5842FD2B2ABB73EA009D719C /* Mercado DeliveryTests */,
				5842FD352ABB73EA009D719C /* Mercado DeliveryUITests */,
				5842FD192ABB73E6009D719C /* Products */,
			);
			sourceTree = "<group>";
		};
		5842FD192ABB73E6009D719C /* Products */ = {
			isa = PBXGroup;
			children = (
				5842FD182ABB73E6009D719C /* Mercado Delivery.app */,
				5842FD282ABB73EA009D719C /* Mercado DeliveryTests.xctest */,
				5842FD322ABB73EA009D719C /* Mercado DeliveryUITests.xctest */,
			);
			name = Products;
			sourceTree = "<group>";
		};
		5842FD1A2ABB73E6009D719C /* Mercado Delivery */ = {
			isa = PBXGroup;
			children = (
				DFC65AD72AC88691007ADFB1 /* Mercado-Delivery-Info.plist */,
				DFEFECE62AC4830B00F4CFEE /* Manager */,
				5842FD452ABB73F5009D719C /* View */,
				5842FD1B2ABB73E6009D719C /* Mercado_DeliveryApp.swift */,
				5842FD1F2ABB73E9009D719C /* Assets.xcassets */,
				DFC65AD82AC88754007ADFB1 /* Fonts */,
				5842FD212ABB73E9009D719C /* Preview Content */,
			);
			path = "Mercado Delivery";
			sourceTree = "<group>";
		};
		5842FD212ABB73E9009D719C /* Preview Content */ = {
			isa = PBXGroup;
			children = (
				5842FD222ABB73E9009D719C /* Preview Assets.xcassets */,
			);
			path = "Preview Content";
			sourceTree = "<group>";
		};
		5842FD2B2ABB73EA009D719C /* Mercado DeliveryTests */ = {
			isa = PBXGroup;
			children = (
				5842FD2C2ABB73EA009D719C /* Mercado_DeliveryTests.swift */,
			);
			path = "Mercado DeliveryTests";
			sourceTree = "<group>";
		};
		5842FD352ABB73EA009D719C /* Mercado DeliveryUITests */ = {
			isa = PBXGroup;
			children = (
				5842FD362ABB73EA009D719C /* Mercado_DeliveryUITests.swift */,
				5842FD382ABB73EA009D719C /* Mercado_DeliveryUITestsLaunchTests.swift */,
			);
			path = "Mercado DeliveryUITests";
			sourceTree = "<group>";
		};
		5842FD452ABB73F5009D719C /* View */ = {
			isa = PBXGroup;
			children = (
				DF03420F2AC74B8F004640A6 /* Screen */,
				DF0342102AC74BC9004640A6 /* Widgets */,
			);
			path = View;
			sourceTree = "<group>";
		};
		DF03420F2AC74B8F004640A6 /* Screen */ = {
			isa = PBXGroup;
			children = (
				DFEFECE72AC4843B00F4CFEE /* SignUpView.swift */,
				DF03420D2AC72F29004640A6 /* ForgotPasswordView.swift */,
				5842FD462ABB74A8009D719C /* SplashScreenView.swift */,
				5807984E2ABB7A1A00CD1500 /* LoginScreenView.swift */,
				5842FD1D2ABB73E6009D719C /* ContentView.swift */,
				DFB06DB72AC86D9100C28241 /* HomeView.swift */,
				DFC65AE52AC8B36D007ADFB1 /* TabView1.swift */,
				DFC65AE72AC8B4CC007ADFB1 /* SearchView.swift */,
			);
			path = Screen;
			sourceTree = "<group>";
		};
		DF0342102AC74BC9004640A6 /* Widgets */ = {
			isa = PBXGroup;
			children = (
				580798522ABB820A00CD1500 /* TextField1View.swift */,
				DFAEC2C12ABDE4D800D5C143 /* DoubleRectangleView.swift */,
				DFAEC2C32ABDE74800D5C143 /* LoginWithView.swift */,
				DFC65ADC2AC894AB007ADFB1 /* HeaderView.swift */,
				DFC65AE12AC896A8007ADFB1 /* CarouselView.swift */,
				DFC65AE32AC8A24D007ADFB1 /* CategoryButtonView.swift */,
			);
			path = Widgets;
			sourceTree = "<group>";
		};
		DFC65AD82AC88754007ADFB1 /* Fonts */ = {
			isa = PBXGroup;
			children = (
				DFC65AD92AC88772007ADFB1 /* Roboto-Bold.ttf */,
			);
			path = Fonts;
			sourceTree = "<group>";
		};
		DFEFECE62AC4830B00F4CFEE /* Manager */ = {
			isa = PBXGroup;
			children = (
				DF85A2C82ABF5FED00065860 /* API_Supabase.swift */,
				DF85A2CE2ABF9D6700065860 /* LoginManager.swift */,
			);
			path = Manager;
			sourceTree = "<group>";
		};
/* End PBXGroup section */

/* Begin PBXNativeTarget section */
		5842FD172ABB73E6009D719C /* Mercado Delivery */ = {
			isa = PBXNativeTarget;
			buildConfigurationList = 5842FD3C2ABB73EA009D719C /* Build configuration list for PBXNativeTarget "Mercado Delivery" */;
			buildPhases = (
				5842FD142ABB73E6009D719C /* Sources */,
				5842FD152ABB73E6009D719C /* Frameworks */,
				5842FD162ABB73E6009D719C /* Resources */,
			);
			buildRules = (
			);
			dependencies = (
			);
			name = "Mercado Delivery";
			packageProductDependencies = (
				DF67D0AF2ABE11CF008033C0 /* Supabase */,
				DFC65ADF2AC8968B007ADFB1 /* ACarousel */,
			);
			productName = "Mercado Delivery";
			productReference = 5842FD182ABB73E6009D719C /* Mercado Delivery.app */;
			productType = "com.apple.product-type.application";
		};
		5842FD272ABB73EA009D719C /* Mercado DeliveryTests */ = {
			isa = PBXNativeTarget;
			buildConfigurationList = 5842FD3F2ABB73EA009D719C /* Build configuration list for PBXNativeTarget "Mercado DeliveryTests" */;
			buildPhases = (
				5842FD242ABB73EA009D719C /* Sources */,
				5842FD252ABB73EA009D719C /* Frameworks */,
				5842FD262ABB73EA009D719C /* Resources */,
			);
			buildRules = (
			);
			dependencies = (
				5842FD2A2ABB73EA009D719C /* PBXTargetDependency */,
			);
			name = "Mercado DeliveryTests";
			productName = "Mercado DeliveryTests";
			productReference = 5842FD282ABB73EA009D719C /* Mercado DeliveryTests.xctest */;
			productType = "com.apple.product-type.bundle.unit-test";
		};
		5842FD312ABB73EA009D719C /* Mercado DeliveryUITests */ = {
			isa = PBXNativeTarget;
			buildConfigurationList = 5842FD422ABB73EA009D719C /* Build configuration list for PBXNativeTarget "Mercado DeliveryUITests" */;
			buildPhases = (
				5842FD2E2ABB73EA009D719C /* Sources */,
				5842FD2F2ABB73EA009D719C /* Frameworks */,
				5842FD302ABB73EA009D719C /* Resources */,
			);
			buildRules = (
			);
			dependencies = (
				5842FD342ABB73EA009D719C /* PBXTargetDependency */,
			);
			name = "Mercado DeliveryUITests";
			productName = "Mercado DeliveryUITests";
			productReference = 5842FD322ABB73EA009D719C /* Mercado DeliveryUITests.xctest */;
			productType = "com.apple.product-type.bundle.ui-testing";
		};
/* End PBXNativeTarget section */

/* Begin PBXProject section */
		5842FD102ABB73E6009D719C /* Project object */ = {
			isa = PBXProject;
			attributes = {
				BuildIndependentTargetsInParallel = 1;
				LastSwiftUpdateCheck = 1430;
				LastUpgradeCheck = 1500;
				TargetAttributes = {
					5842FD172ABB73E6009D719C = {
						CreatedOnToolsVersion = 14.3.1;
					};
					5842FD272ABB73EA009D719C = {
						CreatedOnToolsVersion = 14.3.1;
						TestTargetID = 5842FD172ABB73E6009D719C;
					};
					5842FD312ABB73EA009D719C = {
						CreatedOnToolsVersion = 14.3.1;
						TestTargetID = 5842FD172ABB73E6009D719C;
					};
				};
			};
			buildConfigurationList = 5842FD132ABB73E6009D719C /* Build configuration list for PBXProject "Mercado Delivery" */;
			compatibilityVersion = "Xcode 14.0";
			developmentRegion = en;
			hasScannedForEncodings = 0;
			knownRegions = (
				en,
				Base,
			);
			mainGroup = 5842FD0F2ABB73E6009D719C;
			packageReferences = (
				DF67D0AE2ABE11CF008033C0 /* XCRemoteSwiftPackageReference "supabase-swift" */,
				DFC65ADE2AC8968B007ADFB1 /* XCRemoteSwiftPackageReference "ACarousel" */,
			);
			productRefGroup = 5842FD192ABB73E6009D719C /* Products */;
			projectDirPath = "";
			projectRoot = "";
			targets = (
				5842FD172ABB73E6009D719C /* Mercado Delivery */,
				5842FD272ABB73EA009D719C /* Mercado DeliveryTests */,
				5842FD312ABB73EA009D719C /* Mercado DeliveryUITests */,
			);
		};
/* End PBXProject section */

/* Begin PBXResourcesBuildPhase section */
		5842FD162ABB73E6009D719C /* Resources */ = {
			isa = PBXResourcesBuildPhase;
			buildActionMask = 2147483647;
			files = (
				5842FD232ABB73E9009D719C /* Preview Assets.xcassets in Resources */,
				5842FD202ABB73E9009D719C /* Assets.xcassets in Resources */,
				DFC65ADA2AC88772007ADFB1 /* Roboto-Bold.ttf in Resources */,
			);
			runOnlyForDeploymentPostprocessing = 0;
		};
		5842FD262ABB73EA009D719C /* Resources */ = {
			isa = PBXResourcesBuildPhase;
			buildActionMask = 2147483647;
			files = (
			);
			runOnlyForDeploymentPostprocessing = 0;
		};
		5842FD302ABB73EA009D719C /* Resources */ = {
			isa = PBXResourcesBuildPhase;
			buildActionMask = 2147483647;
			files = (
			);
			runOnlyForDeploymentPostprocessing = 0;
		};
/* End PBXResourcesBuildPhase section */

/* Begin PBXSourcesBuildPhase section */
		5842FD142ABB73E6009D719C /* Sources */ = {
			isa = PBXSourcesBuildPhase;
			buildActionMask = 2147483647;
			files = (
				5807984F2ABB7A1A00CD1500 /* LoginScreenView.swift in Sources */,
				DF03420E2AC72F29004640A6 /* ForgotPasswordView.swift in Sources */,
				DFAEC2C42ABDE74800D5C143 /* LoginWithView.swift in Sources */,
				DF85A2C92ABF5FED00065860 /* API_Supabase.swift in Sources */,
				DFC65AE22AC896A8007ADFB1 /* CarouselView.swift in Sources */,
				5842FD1E2ABB73E6009D719C /* ContentView.swift in Sources */,
				DFC65AE82AC8B4CC007ADFB1 /* SearchView.swift in Sources */,
				580798532ABB820A00CD1500 /* TextField1View.swift in Sources */,
				DF85A2CF2ABF9D6700065860 /* LoginManager.swift in Sources */,
				DFEFECE82AC4843B00F4CFEE /* SignUpView.swift in Sources */,
				5842FD1C2ABB73E6009D719C /* Mercado_DeliveryApp.swift in Sources */,
				DFB06DB82AC86D9100C28241 /* HomeView.swift in Sources */,
				DFAEC2C22ABDE4D800D5C143 /* DoubleRectangleView.swift in Sources */,
				DFC65AE62AC8B36D007ADFB1 /* TabView1.swift in Sources */,
				5842FD472ABB74A8009D719C /* SplashScreenView.swift in Sources */,
				DFC65ADD2AC894AB007ADFB1 /* HeaderView.swift in Sources */,
				DFC65AE42AC8A24D007ADFB1 /* CategoryButtonView.swift in Sources */,
			);
			runOnlyForDeploymentPostprocessing = 0;
		};
		5842FD242ABB73EA009D719C /* Sources */ = {
			isa = PBXSourcesBuildPhase;
			buildActionMask = 2147483647;
			files = (
				5842FD2D2ABB73EA009D719C /* Mercado_DeliveryTests.swift in Sources */,
			);
			runOnlyForDeploymentPostprocessing = 0;
		};
		5842FD2E2ABB73EA009D719C /* Sources */ = {
			isa = PBXSourcesBuildPhase;
			buildActionMask = 2147483647;
			files = (
				5842FD392ABB73EA009D719C /* Mercado_DeliveryUITestsLaunchTests.swift in Sources */,
				5842FD372ABB73EA009D719C /* Mercado_DeliveryUITests.swift in Sources */,
			);
			runOnlyForDeploymentPostprocessing = 0;
		};
/* End PBXSourcesBuildPhase section */

/* Begin PBXTargetDependency section */
		5842FD2A2ABB73EA009D719C /* PBXTargetDependency */ = {
			isa = PBXTargetDependency;
			target = 5842FD172ABB73E6009D719C /* Mercado Delivery */;
			targetProxy = 5842FD292ABB73EA009D719C /* PBXContainerItemProxy */;
		};
		5842FD342ABB73EA009D719C /* PBXTargetDependency */ = {
			isa = PBXTargetDependency;
			target = 5842FD172ABB73E6009D719C /* Mercado Delivery */;
			targetProxy = 5842FD332ABB73EA009D719C /* PBXContainerItemProxy */;
		};
/* End PBXTargetDependency section */

/* Begin XCBuildConfiguration section */
		5842FD3A2ABB73EA009D719C /* Debug */ = {
			isa = XCBuildConfiguration;
			buildSettings = {
				ALWAYS_SEARCH_USER_PATHS = NO;
				CLANG_ANALYZER_NONNULL = YES;
				CLANG_ANALYZER_NUMBER_OBJECT_CONVERSION = YES_AGGRESSIVE;
				CLANG_CXX_LANGUAGE_STANDARD = "gnu++20";
				CLANG_ENABLE_MODULES = YES;
				CLANG_ENABLE_OBJC_ARC = YES;
				CLANG_ENABLE_OBJC_WEAK = YES;
				CLANG_WARN_BLOCK_CAPTURE_AUTORELEASING = YES;
				CLANG_WARN_BOOL_CONVERSION = YES;
				CLANG_WARN_COMMA = YES;
				CLANG_WARN_CONSTANT_CONVERSION = YES;
				CLANG_WARN_DEPRECATED_OBJC_IMPLEMENTATIONS = YES;
				CLANG_WARN_DIRECT_OBJC_ISA_USAGE = YES_ERROR;
				CLANG_WARN_DOCUMENTATION_COMMENTS = YES;
				CLANG_WARN_EMPTY_BODY = YES;
				CLANG_WARN_ENUM_CONVERSION = YES;
				CLANG_WARN_INFINITE_RECURSION = YES;
				CLANG_WARN_INT_CONVERSION = YES;
				CLANG_WARN_NON_LITERAL_NULL_CONVERSION = YES;
				CLANG_WARN_OBJC_IMPLICIT_RETAIN_SELF = YES;
				CLANG_WARN_OBJC_LITERAL_CONVERSION = YES;
				CLANG_WARN_OBJC_ROOT_CLASS = YES_ERROR;
				CLANG_WARN_QUOTED_INCLUDE_IN_FRAMEWORK_HEADER = YES;
				CLANG_WARN_RANGE_LOOP_ANALYSIS = YES;
				CLANG_WARN_STRICT_PROTOTYPES = YES;
				CLANG_WARN_SUSPICIOUS_MOVE = YES;
				CLANG_WARN_UNGUARDED_AVAILABILITY = YES_AGGRESSIVE;
				CLANG_WARN_UNREACHABLE_CODE = YES;
				CLANG_WARN__DUPLICATE_METHOD_MATCH = YES;
				COPY_PHASE_STRIP = NO;
				DEBUG_INFORMATION_FORMAT = dwarf;
				ENABLE_STRICT_OBJC_MSGSEND = YES;
				ENABLE_TESTABILITY = YES;
				ENABLE_USER_SCRIPT_SANDBOXING = YES;
				GCC_C_LANGUAGE_STANDARD = gnu11;
				GCC_DYNAMIC_NO_PIC = NO;
				GCC_NO_COMMON_BLOCKS = YES;
				GCC_OPTIMIZATION_LEVEL = 0;
				GCC_PREPROCESSOR_DEFINITIONS = (
					"DEBUG=1",
					"$(inherited)",
				);
				GCC_WARN_64_TO_32_BIT_CONVERSION = YES;
				GCC_WARN_ABOUT_RETURN_TYPE = YES_ERROR;
				GCC_WARN_UNDECLARED_SELECTOR = YES;
				GCC_WARN_UNINITIALIZED_AUTOS = YES_AGGRESSIVE;
				GCC_WARN_UNUSED_FUNCTION = YES;
				GCC_WARN_UNUSED_VARIABLE = YES;
				IPHONEOS_DEPLOYMENT_TARGET = 16.4;
				MTL_ENABLE_DEBUG_INFO = INCLUDE_SOURCE;
				MTL_FAST_MATH = YES;
				ONLY_ACTIVE_ARCH = YES;
				SDKROOT = iphoneos;
				SWIFT_ACTIVE_COMPILATION_CONDITIONS = DEBUG;
				SWIFT_OPTIMIZATION_LEVEL = "-Onone";
			};
			name = Debug;
		};
		5842FD3B2ABB73EA009D719C /* Release */ = {
			isa = XCBuildConfiguration;
			buildSettings = {
				ALWAYS_SEARCH_USER_PATHS = NO;
				CLANG_ANALYZER_NONNULL = YES;
				CLANG_ANALYZER_NUMBER_OBJECT_CONVERSION = YES_AGGRESSIVE;
				CLANG_CXX_LANGUAGE_STANDARD = "gnu++20";
				CLANG_ENABLE_MODULES = YES;
				CLANG_ENABLE_OBJC_ARC = YES;
				CLANG_ENABLE_OBJC_WEAK = YES;
				CLANG_WARN_BLOCK_CAPTURE_AUTORELEASING = YES;
				CLANG_WARN_BOOL_CONVERSION = YES;
				CLANG_WARN_COMMA = YES;
				CLANG_WARN_CONSTANT_CONVERSION = YES;
				CLANG_WARN_DEPRECATED_OBJC_IMPLEMENTATIONS = YES;
				CLANG_WARN_DIRECT_OBJC_ISA_USAGE = YES_ERROR;
				CLANG_WARN_DOCUMENTATION_COMMENTS = YES;
				CLANG_WARN_EMPTY_BODY = YES;
				CLANG_WARN_ENUM_CONVERSION = YES;
				CLANG_WARN_INFINITE_RECURSION = YES;
				CLANG_WARN_INT_CONVERSION = YES;
				CLANG_WARN_NON_LITERAL_NULL_CONVERSION = YES;
				CLANG_WARN_OBJC_IMPLICIT_RETAIN_SELF = YES;
				CLANG_WARN_OBJC_LITERAL_CONVERSION = YES;
				CLANG_WARN_OBJC_ROOT_CLASS = YES_ERROR;
				CLANG_WARN_QUOTED_INCLUDE_IN_FRAMEWORK_HEADER = YES;
				CLANG_WARN_RANGE_LOOP_ANALYSIS = YES;
				CLANG_WARN_STRICT_PROTOTYPES = YES;
				CLANG_WARN_SUSPICIOUS_MOVE = YES;
				CLANG_WARN_UNGUARDED_AVAILABILITY = YES_AGGRESSIVE;
				CLANG_WARN_UNREACHABLE_CODE = YES;
				CLANG_WARN__DUPLICATE_METHOD_MATCH = YES;
				COPY_PHASE_STRIP = NO;
				DEBUG_INFORMATION_FORMAT = "dwarf-with-dsym";
				ENABLE_NS_ASSERTIONS = NO;
				ENABLE_STRICT_OBJC_MSGSEND = YES;
				ENABLE_USER_SCRIPT_SANDBOXING = YES;
				GCC_C_LANGUAGE_STANDARD = gnu11;
				GCC_NO_COMMON_BLOCKS = YES;
				GCC_WARN_64_TO_32_BIT_CONVERSION = YES;
				GCC_WARN_ABOUT_RETURN_TYPE = YES_ERROR;
				GCC_WARN_UNDECLARED_SELECTOR = YES;
				GCC_WARN_UNINITIALIZED_AUTOS = YES_AGGRESSIVE;
				GCC_WARN_UNUSED_FUNCTION = YES;
				GCC_WARN_UNUSED_VARIABLE = YES;
				IPHONEOS_DEPLOYMENT_TARGET = 16.4;
				MTL_ENABLE_DEBUG_INFO = NO;
				MTL_FAST_MATH = YES;
				SDKROOT = iphoneos;
				SWIFT_COMPILATION_MODE = wholemodule;
				SWIFT_OPTIMIZATION_LEVEL = "-O";
				VALIDATE_PRODUCT = YES;
			};
			name = Release;
		};
		5842FD3D2ABB73EA009D719C /* Debug */ = {
			isa = XCBuildConfiguration;
			buildSettings = {
				ASSETCATALOG_COMPILER_APPICON_NAME = AppIcon;
				ASSETCATALOG_COMPILER_GLOBAL_ACCENT_COLOR_NAME = AccentColor;
				CODE_SIGN_STYLE = Automatic;
				CURRENT_PROJECT_VERSION = 1;
				DEVELOPMENT_ASSET_PATHS = "\"Mercado Delivery/Preview Content\"";
				DEVELOPMENT_TEAM = GC829MX293;
				ENABLE_PREVIEWS = YES;
				GENERATE_INFOPLIST_FILE = YES;
				INFOPLIST_FILE = "Mercado-Delivery-Info.plist";
				INFOPLIST_KEY_UIApplicationSceneManifest_Generation = YES;
				INFOPLIST_KEY_UIApplicationSupportsIndirectInputEvents = YES;
				INFOPLIST_KEY_UILaunchScreen_Generation = YES;
				INFOPLIST_KEY_UISupportedInterfaceOrientations_iPad = "UIInterfaceOrientationPortrait UIInterfaceOrientationPortraitUpsideDown UIInterfaceOrientationLandscapeLeft UIInterfaceOrientationLandscapeRight";
				INFOPLIST_KEY_UISupportedInterfaceOrientations_iPhone = "UIInterfaceOrientationPortrait UIInterfaceOrientationLandscapeLeft UIInterfaceOrientationLandscapeRight";
				LD_RUNPATH_SEARCH_PATHS = (
					"$(inherited)",
					"@executable_path/Frameworks",
				);
				MARKETING_VERSION = 1.0;
				PRODUCT_BUNDLE_IDENTIFIER = "joaovictorheitz.Mercado-Delivery";
				PRODUCT_NAME = "$(TARGET_NAME)";
				SWIFT_EMIT_LOC_STRINGS = YES;
				SWIFT_VERSION = 5.0;
				TARGETED_DEVICE_FAMILY = "1,2";
			};
			name = Debug;
		};
		5842FD3E2ABB73EA009D719C /* Release */ = {
			isa = XCBuildConfiguration;
			buildSettings = {
				ASSETCATALOG_COMPILER_APPICON_NAME = AppIcon;
				ASSETCATALOG_COMPILER_GLOBAL_ACCENT_COLOR_NAME = AccentColor;
				CODE_SIGN_STYLE = Automatic;
				CURRENT_PROJECT_VERSION = 1;
				DEVELOPMENT_ASSET_PATHS = "\"Mercado Delivery/Preview Content\"";
				DEVELOPMENT_TEAM = GC829MX293;
				ENABLE_PREVIEWS = YES;
				GENERATE_INFOPLIST_FILE = YES;
				INFOPLIST_FILE = "Mercado-Delivery-Info.plist";
				INFOPLIST_KEY_UIApplicationSceneManifest_Generation = YES;
				INFOPLIST_KEY_UIApplicationSupportsIndirectInputEvents = YES;
				INFOPLIST_KEY_UILaunchScreen_Generation = YES;
				INFOPLIST_KEY_UISupportedInterfaceOrientations_iPad = "UIInterfaceOrientationPortrait UIInterfaceOrientationPortraitUpsideDown UIInterfaceOrientationLandscapeLeft UIInterfaceOrientationLandscapeRight";
				INFOPLIST_KEY_UISupportedInterfaceOrientations_iPhone = "UIInterfaceOrientationPortrait UIInterfaceOrientationLandscapeLeft UIInterfaceOrientationLandscapeRight";
				LD_RUNPATH_SEARCH_PATHS = (
					"$(inherited)",
					"@executable_path/Frameworks",
				);
				MARKETING_VERSION = 1.0;
				PRODUCT_BUNDLE_IDENTIFIER = "joaovictorheitz.Mercado-Delivery";
				PRODUCT_NAME = "$(TARGET_NAME)";
				SWIFT_EMIT_LOC_STRINGS = YES;
				SWIFT_VERSION = 5.0;
				TARGETED_DEVICE_FAMILY = "1,2";
			};
			name = Release;
		};
		5842FD402ABB73EA009D719C /* Debug */ = {
			isa = XCBuildConfiguration;
			buildSettings = {
				ALWAYS_EMBED_SWIFT_STANDARD_LIBRARIES = YES;
				BUNDLE_LOADER = "$(TEST_HOST)";
				CODE_SIGN_STYLE = Automatic;
				CURRENT_PROJECT_VERSION = 1;
				DEVELOPMENT_TEAM = GC829MX293;
				GENERATE_INFOPLIST_FILE = YES;
				IPHONEOS_DEPLOYMENT_TARGET = 16.4;
				MARKETING_VERSION = 1.0;
				PRODUCT_BUNDLE_IDENTIFIER = "joaovictorheitz.Mercado-DeliveryTests";
				PRODUCT_NAME = "$(TARGET_NAME)";
				SWIFT_EMIT_LOC_STRINGS = NO;
				SWIFT_VERSION = 5.0;
				TARGETED_DEVICE_FAMILY = "1,2";
				TEST_HOST = "$(BUILT_PRODUCTS_DIR)/Mercado Delivery.app/$(BUNDLE_EXECUTABLE_FOLDER_PATH)/Mercado Delivery";
			};
			name = Debug;
		};
		5842FD412ABB73EA009D719C /* Release */ = {
			isa = XCBuildConfiguration;
			buildSettings = {
				ALWAYS_EMBED_SWIFT_STANDARD_LIBRARIES = YES;
				BUNDLE_LOADER = "$(TEST_HOST)";
				CODE_SIGN_STYLE = Automatic;
				CURRENT_PROJECT_VERSION = 1;
				DEVELOPMENT_TEAM = GC829MX293;
				GENERATE_INFOPLIST_FILE = YES;
				IPHONEOS_DEPLOYMENT_TARGET = 16.4;
				MARKETING_VERSION = 1.0;
				PRODUCT_BUNDLE_IDENTIFIER = "joaovictorheitz.Mercado-DeliveryTests";
				PRODUCT_NAME = "$(TARGET_NAME)";
				SWIFT_EMIT_LOC_STRINGS = NO;
				SWIFT_VERSION = 5.0;
				TARGETED_DEVICE_FAMILY = "1,2";
				TEST_HOST = "$(BUILT_PRODUCTS_DIR)/Mercado Delivery.app/$(BUNDLE_EXECUTABLE_FOLDER_PATH)/Mercado Delivery";
			};
			name = Release;
		};
		5842FD432ABB73EA009D719C /* Debug */ = {
			isa = XCBuildConfiguration;
			buildSettings = {
				ALWAYS_EMBED_SWIFT_STANDARD_LIBRARIES = YES;
				CODE_SIGN_STYLE = Automatic;
				CURRENT_PROJECT_VERSION = 1;
				DEVELOPMENT_TEAM = GC829MX293;
				GENERATE_INFOPLIST_FILE = YES;
				MARKETING_VERSION = 1.0;
				PRODUCT_BUNDLE_IDENTIFIER = "joaovictorheitz.Mercado-DeliveryUITests";
				PRODUCT_NAME = "$(TARGET_NAME)";
				SWIFT_EMIT_LOC_STRINGS = NO;
				SWIFT_VERSION = 5.0;
				TARGETED_DEVICE_FAMILY = "1,2";
				TEST_TARGET_NAME = "Mercado Delivery";
			};
			name = Debug;
		};
		5842FD442ABB73EA009D719C /* Release */ = {
			isa = XCBuildConfiguration;
			buildSettings = {
				ALWAYS_EMBED_SWIFT_STANDARD_LIBRARIES = YES;
				CODE_SIGN_STYLE = Automatic;
				CURRENT_PROJECT_VERSION = 1;
				DEVELOPMENT_TEAM = GC829MX293;
				GENERATE_INFOPLIST_FILE = YES;
				MARKETING_VERSION = 1.0;
				PRODUCT_BUNDLE_IDENTIFIER = "joaovictorheitz.Mercado-DeliveryUITests";
				PRODUCT_NAME = "$(TARGET_NAME)";
				SWIFT_EMIT_LOC_STRINGS = NO;
				SWIFT_VERSION = 5.0;
				TARGETED_DEVICE_FAMILY = "1,2";
				TEST_TARGET_NAME = "Mercado Delivery";
			};
			name = Release;
		};
/* End XCBuildConfiguration section */

/* Begin XCConfigurationList section */
		5842FD132ABB73E6009D719C /* Build configuration list for PBXProject "Mercado Delivery" */ = {
			isa = XCConfigurationList;
			buildConfigurations = (
				5842FD3A2ABB73EA009D719C /* Debug */,
				5842FD3B2ABB73EA009D719C /* Release */,
			);
			defaultConfigurationIsVisible = 0;
			defaultConfigurationName = Release;
		};
		5842FD3C2ABB73EA009D719C /* Build configuration list for PBXNativeTarget "Mercado Delivery" */ = {
			isa = XCConfigurationList;
			buildConfigurations = (
				5842FD3D2ABB73EA009D719C /* Debug */,
				5842FD3E2ABB73EA009D719C /* Release */,
			);
			defaultConfigurationIsVisible = 0;
			defaultConfigurationName = Release;
		};
		5842FD3F2ABB73EA009D719C /* Build configuration list for PBXNativeTarget "Mercado DeliveryTests" */ = {
			isa = XCConfigurationList;
			buildConfigurations = (
				5842FD402ABB73EA009D719C /* Debug */,
				5842FD412ABB73EA009D719C /* Release */,
			);
			defaultConfigurationIsVisible = 0;
			defaultConfigurationName = Release;
		};
		5842FD422ABB73EA009D719C /* Build configuration list for PBXNativeTarget "Mercado DeliveryUITests" */ = {
			isa = XCConfigurationList;
			buildConfigurations = (
				5842FD432ABB73EA009D719C /* Debug */,
				5842FD442ABB73EA009D719C /* Release */,
			);
			defaultConfigurationIsVisible = 0;
			defaultConfigurationName = Release;
		};
/* End XCConfigurationList section */

/* Begin XCRemoteSwiftPackageReference section */
		DF67D0AE2ABE11CF008033C0 /* XCRemoteSwiftPackageReference "supabase-swift" */ = {
			isa = XCRemoteSwiftPackageReference;
			repositoryURL = "https://github.com/supabase/supabase-swift.git";
			requirement = {
				kind = upToNextMajorVersion;
				minimumVersion = 0.3.0;
			};
		};
		DFC65ADE2AC8968B007ADFB1 /* XCRemoteSwiftPackageReference "ACarousel" */ = {
			isa = XCRemoteSwiftPackageReference;
			repositoryURL = "https://github.com/JWAutumn/ACarousel";
			requirement = {
				kind = upToNextMajorVersion;
				minimumVersion = 0.2.0;
			};
		};
/* End XCRemoteSwiftPackageReference section */

/* Begin XCSwiftPackageProductDependency section */
		DF67D0AF2ABE11CF008033C0 /* Supabase */ = {
			isa = XCSwiftPackageProductDependency;
			package = DF67D0AE2ABE11CF008033C0 /* XCRemoteSwiftPackageReference "supabase-swift" */;
			productName = Supabase;
		};
		DFC65ADF2AC8968B007ADFB1 /* ACarousel */ = {
			isa = XCSwiftPackageProductDependency;
			package = DFC65ADE2AC8968B007ADFB1 /* XCRemoteSwiftPackageReference "ACarousel" */;
			productName = ACarousel;
		};
/* End XCSwiftPackageProductDependency section */
	};
	rootObject = 5842FD102ABB73E6009D719C /* Project object */;
}
